
Microsoft Visual Studio Solution File, Format Version 12.00
# Visual Studio 15
VisualStudioVersion = 15.0.27130.2024
MinimumVisualStudioVersion = 10.0.40219.1
Project("{FAE04EC0-301F-11D3-BF4B-00C04F79EFBC}") = "BankAccount", "BankAccount.csproj", "{0E9F7B89-B506-4F9E-8077-002CDC96086A}"
EndProject
Project("{FAE04EC0-301F-11D3-BF4B-00C04F79EFBC}") = "BankAccountTests", "..\BankAccountTests\BankAccountTests.csproj", "{AA3E50CB-6D79-4C63-9AB4-03D5F665CD6A}"
EndProject
Global
	GlobalSection(SolutionConfigurationPlatforms) = preSolution
		Debug|Any CPU = Debug|Any CPU
		Release|Any CPU = Release|Any CPU
	EndGlobalSection
	GlobalSection(ProjectConfigurationPlatforms) = postSolution
		{0E9F7B89-B506-4F9E-8077-002CDC96086A}.Debug|Any CPU.ActiveCfg = Debug|Any CPU
		{0E9F7B89-B506-4F9E-8077-002CDC96086A}.Debug|Any CPU.Build.0 = Debug|Any CPU
		{0E9F7B89-B506-4F9E-8077-002CDC96086A}.Release|Any CPU.ActiveCfg = Release|Any CPU
		{0E9F7B89-B506-4F9E-8077-002CDC96086A}.Release|Any CPU.Build.0 = Release|Any CPU
		{AA3E50CB-6D79-4C63-9AB4-03D5F665CD6A}.Debug|Any CPU.ActiveCfg = Debug|Any CPU
		{AA3E50CB-6D79-4C63-9AB4-03D5F665CD6A}.Debug|Any CPU.Build.0 = Debug|Any CPU
		{AA3E50CB-6D79-4C63-9AB4-03D5F665CD6A}.Release|Any CPU.ActiveCfg = Release|Any CPU
		{AA3E50CB-6D79-4C63-9AB4-03D5F665CD6A}.Release|Any CPU.Build.0 = Release|Any CPU
	EndGlobalSection
	GlobalSection(SolutionProperties) = preSolution
		HideSolutionNode = FALSE
	EndGlobalSection
	GlobalSection(ExtensibilityGlobals) = postSolution
		SolutionGuid = {8924EB34-B30A-4958-A3A1-26787B2DEFD9}
	EndGlobalSection
EndGlobal
